
Microsoft Visual Studio Solution File, Format Version 12.00
# Visual Studio 14
VisualStudioVersion = 14.0.25420.1
MinimumVisualStudioVersion = 10.0.40219.1
Project("{FAE04EC0-301F-11D3-BF4B-00C04F79EFBC}") = "BDSender", "BDSender\BDSender.csproj", "{8D14F0A7-ED23-4615-86B2-59270D4AA806}"
EndProject
Project("{FAE04EC0-301F-11D3-BF4B-00C04F79EFBC}") = "gd4lib", "gd4lib\gd4lib.csproj", "{A51BC027-D30A-4925-9066-EF22A1D09E25}"
EndProject
Global
	GlobalSection(SolutionConfigurationPlatforms) = preSolution
		Debug|Any CPU = Debug|Any CPU
		Release|Any CPU = Release|Any CPU
	EndGlobalSection
	GlobalSection(ProjectConfigurationPlatforms) = postSolution
		{8D14F0A7-ED23-4615-86B2-59270D4AA806}.Debug|Any CPU.ActiveCfg = Debug|Any CPU
		{8D14F0A7-ED23-4615-86B2-59270D4AA806}.Debug|Any CPU.Build.0 = Debug|Any CPU
		{8D14F0A7-ED23-4615-86B2-59270D4AA806}.Release|Any CPU.ActiveCfg = Release|Any CPU
		{8D14F0A7-ED23-4615-86B2-59270D4AA806}.Release|Any CPU.Build.0 = Release|Any CPU
		{A51BC027-D30A-4925-9066-EF22A1D09E25}.Debug|Any CPU.ActiveCfg = Debug|Any CPU
		{A51BC027-D30A-4925-9066-EF22A1D09E25}.Debug|Any CPU.Build.0 = Debug|Any CPU
		{A51BC027-D30A-4925-9066-EF22A1D09E25}.Release|Any CPU.ActiveCfg = Release|Any CPU
		{A51BC027-D30A-4925-9066-EF22A1D09E25}.Release|Any CPU.Build.0 = Release|Any CPU
	EndGlobalSection
	GlobalSection(SolutionProperties) = preSolution
		HideSolutionNode = FALSE
	EndGlobalSection
EndGlobal
